PODS:
  - Alamofire (4.8.1)
  - AlamofireObjectMapper (5.2.0):
    - Alamofire (~> 4.7)
    - ObjectMapper (~> 3.4)
  - ObjectMapper (3.4.2)

DEPENDENCIES:
  - Alamofire (~> 4.7)
  - AlamofireObjectMapper (~> 5.2)

SPEC REPOS:
  https://github.com/cocoapods/specs.git:
    - Alamofire
    - AlamofireObjectMapper
    - ObjectMapper

SPEC CHECKSUMS:
  Alamofire: 16ce2c353fb72865124ddae8a57c5942388f4f11
  AlamofireObjectMapper: 92b6ce2423a9d159e686f6a1d514a009bf903ddc
  ObjectMapper: 0d4402610f4e468903ae64629eec4784531e5c51

PODFILE CHECKSUM: c02dda6bf9e2db9f23307cccbbd259fdfaa53a30

COCOAPODS: 1.6.0.beta.2
